// !$*UTF8*$!
{
	archiveVersion = 1;
	classes = {
	};
	objectVersion = 50;
	objects = {

/* Begin PBXBuildFile section */
		FD802D9124227EC700D86EB4 /* AppDelegate.swift in Sources */ = {isa = PBXBuildFile; fileRef = FD802D9024227EC700D86EB4 /* AppDelegate.swift */; };
		FD802D9324227EC700D86EB4 /* SceneDelegate.swift in Sources */ = {isa = PBXBuildFile; fileRef = FD802D9224227EC700D86EB4 /* SceneDelegate.swift */; };
		FD802D9524227EC700D86EB4 /* ViewController.swift in Sources */ = {isa = PBXBuildFile; fileRef = FD802D9424227EC700D86EB4 /* ViewController.swift */; };
		FD802D9824227EC700D86EB4 /* Main.storyboard in Resources */ = {isa = PBXBuildFile; fileRef = FD802D9624227EC700D86EB4 /* Main.storyboard */; };
		FD802D9A24227EC800D86EB4 /* Assets.xcassets in Resources */ = {isa = PBXBuildFile; fileRef = FD802D9924227EC800D86EB4 /* Assets.xcassets */; };
		FD802D9D24227EC800D86EB4 /* LaunchScreen.storyboard in Resources */ = {isa = PBXBuildFile; fileRef = FD802D9B24227EC800D86EB4 /* LaunchScreen.storyboard */; };
/* End PBXBuildFile section */

/* Begin PBXFileReference section */
		FD802D8D24227EC700D86EB4 /* FlexibleLayoutPractice.app */ = {isa = PBXFileReference; explicitFileType = wrapper.application; includeInIndex = 0; path = FlexibleLayoutPractice.app; sourceTree = BUILT_PRODUCTS_DIR; };
		FD802D9024227EC700D86EB4 /* AppDelegate.swift */ = {isa = PBXFileReference; lastKnownFileType = sourcecode.swift; path = AppDelegate.swift; sourceTree = "<group>"; };
		FD802D9224227EC700D86EB4 /* SceneDelegate.swift */ = {isa = PBXFileReference; lastKnownFileType = sourcecode.swift; path = SceneDelegate.swift; sourceTree = "<group>"; };
		FD802D9424227EC700D86EB4 /* ViewController.swift */ = {isa = PBXFileReference; lastKnownFileType = sourcecode.swift; path = ViewController.swift; sourceTree = "<group>"; };
		FD802D9724227EC700D86EB4 /* Base */ = {isa = PBXFileReference; lastKnownFileType = file.storyboard; name = Base; path = Base.lproj/Main.storyboard; sourceTree = "<group>"; };
		FD802D9924227EC800D86EB4 /* Assets.xcassets */ = {isa = PBXFileReference; lastKnownFileType = folder.assetcatalog; path = Assets.xcassets; sourceTree = "<group>"; };
		FD802D9C24227EC800D86EB4 /* Base */ = {isa = PBXFileReference; lastKnownFileType = file.storyboard; name = Base; path = Base.lproj/LaunchScreen.storyboard; sourceTree = "<group>"; };
		FD802D9E24227EC800D86EB4 /* Info.plist */ = {isa = PBXFileReference; lastKnownFileType = text.plist.xml; path = Info.plist; sourceTree = "<group>"; };
/* End PBXFileReference section */

/* Begin PBXFrameworksBuildPhase section */
		FD802D8A24227EC700D86EB4 /* Frameworks */ = {
			isa = PBXFrameworksBuildPhase;
			buildActionMask = 2147483647;
			files = (
			);
			runOnlyForDeploymentPostprocessing = 0;
		};
/* End PBXFrameworksBuildPhase section */

/* Begin PBXGroup section */
		FD802D8424227EC700D86EB4 = {
			isa = PBXGroup;
			children = (
				FD802D8F24227EC700D86EB4 /* FlexibleLayoutPractice */,
				FD802D8E24227EC700D86EB4 /* Products */,
			);
			sourceTree = "<group>";
		};
		FD802D8E24227EC700D86EB4 /* Products */ = {
			isa = PBXGroup;
			children = (
				FD802D8D24227EC700D86EB4 /* FlexibleLayoutPractice.app */,
			);
			name = Products;
			sourceTree = "<group>";
		};
		FD802D8F24227EC700D86EB4 /* FlexibleLayoutPractice */ = {
			isa = PBXGroup;
			children = (
				FD802D9024227EC700D86EB4 /* AppDelegate.swift */,
				FD802D9224227EC700D86EB4 /* SceneDelegate.swift */,
				FD802D9424227EC700D86EB4 /* ViewController.swift */,
				FD802D9624227EC700D86EB4 /* Main.storyboard */,
				FD802D9924227EC800D86EB4 /* Assets.xcassets */,
				FD802D9B24227EC800D86EB4 /* LaunchScreen.storyboard */,
				FD802D9E24227EC800D86EB4 /* Info.plist */,
			);
			path = FlexibleLayoutPractice;
			sourceTree = "<group>";
		};
/* End PBXGroup section */

/* Begin PBXNativeTarget section */
		FD802D8C24227EC700D86EB4 /* FlexibleLayoutPractice */ = {
			isa = PBXNativeTarget;
			buildConfigurationList = FD802DA124227EC800D86EB4 /* Build configuration list for PBXNativeTarget "FlexibleLayoutPractice" */;
			buildPhases = (
				FD802D8924227EC700D86EB4 /* Sources */,
				FD802D8A24227EC700D86EB4 /* Frameworks */,
				FD802D8B24227EC700D86EB4 /* Resources */,
			);
			buildRules = (
			);
			dependencies = (
			);
			name = FlexibleLayoutPractice;
			productName = FlexibleLayoutPractice;
			productReference = FD802D8D24227EC700D86EB4 /* FlexibleLayoutPractice.app */;
			productType = "com.apple.product-type.application";
		};
/* End PBXNativeTarget section */

/* Begin PBXProject section */
		FD802D8524227EC700D86EB4 /* Project object */ = {
			isa = PBXProject;
			attributes = {
				LastSwiftUpdateCheck = 1130;
				LastUpgradeCheck = 1130;
				ORGANIZATIONNAME = "David Fisher";
				TargetAttributes = {
					FD802D8C24227EC700D86EB4 = {
						CreatedOnToolsVersion = 11.3.1;
					};
				};
			};
			buildConfigurationList = FD802D8824227EC700D86EB4 /* Build configuration list for PBXProject "FlexibleLayoutPractice" */;
			compatibilityVersion = "Xcode 9.3";
			developmentRegion = en;
			hasScannedForEncodings = 0;
			knownRegions = (
				en,
				Base,
			);
			mainGroup = FD802D8424227EC700D86EB4;
			productRefGroup = FD802D8E24227EC700D86EB4 /* Products */;
			projectDirPath = "";
			projectRoot = "";
			targets = (
				FD802D8C24227EC700D86EB4 /* FlexibleLayoutPractice */,
			);
		};
/* End PBXProject section */

/* Begin PBXResourcesBuildPhase section */
		FD802D8B24227EC700D86EB4 /* Resources */ = {
			isa = PBXResourcesBuildPhase;
			buildActionMask = 2147483647;
			files = (
				FD802D9D24227EC800D86EB4 /* LaunchScreen.storyboard in Resources */,
				FD802D9A24227EC800D86EB4 /* Assets.xcassets in Resources */,
				FD802D9824227EC700D86EB4 /* Main.storyboard in Resources */,
			);
			runOnlyForDeploymentPostprocessing = 0;
		};
/* End PBXResourcesBuildPhase section */

/* Begin PBXSourcesBuildPhase section */
		FD802D8924227EC700D86EB4 /* Sources */ = {
			isa = PBXSourcesBuildPhase;
			buildActionMask = 2147483647;
			files = (
				FD802D9524227EC700D86EB4 /* ViewController.swift in Sources */,
				FD802D9124227EC700D86EB4 /* AppDelegate.swift in Sources */,
				FD802D9324227EC700D86EB4 /* SceneDelegate.swift in Sources */,
			);
			runOnlyForDeploymentPostprocessing = 0;
		};
/* End PBXSourcesBuildPhase section */

/* Begin PBXVariantGroup section */
		FD802D9624227EC700D86EB4 /* Main.storyboard */ = {
			isa = PBXVariantGroup;
			children = (
				FD802D9724227EC700D86EB4 /* Base */,
			);
			name = Main.storyboard;
			sourceTree = "<group>";
		};
		FD802D9B24227EC800D86EB4 /* LaunchScreen.storyboard */ = {
			isa = PBXVariantGroup;
			children = (
				FD802D9C24227EC800D86EB4 /* Base */,
			);
			name = LaunchScreen.storyboard;
			sourceTree = "<group>";
		};
/* End PBXVariantGroup section */

/* Begin XCBuildConfiguration section */
		FD802D9F24227EC800D86EB4 /* Debug */ = {
			isa = XCBuildConfiguration;
			buildSettings = {
				ALWAYS_SEARCH_USER_PATHS = NO;
				CLANG_ANALYZER_NONNULL = YES;
				CLANG_ANALYZER_NUMBER_OBJECT_CONVERSION = YES_AGGRESSIVE;
				CLANG_CXX_LANGUAGE_STANDARD = "gnu++14";
				CLANG_CXX_LIBRARY = "libc++";
				CLANG_ENABLE_MODULES = YES;
				CLANG_ENABLE_OBJC_ARC = YES;
				CLANG_ENABLE_OBJC_WEAK = YES;
				CLANG_WARN_BLOCK_CAPTURE_AUTORELEASING = YES;
				CLANG_WARN_BOOL_CONVERSION = YES;
				CLANG_WARN_COMMA = YES;
				CLANG_WARN_CONSTANT_CONVERSION = YES;
				CLANG_WARN_DEPRECATED_OBJC_IMPLEMENTATIONS = YES;
				CLANG_WARN_DIRECT_OBJC_ISA_USAGE = YES_ERROR;
				CLANG_WARN_DOCUMENTATION_COMMENTS = YES;
				CLANG_WARN_EMPTY_BODY = YES;
				CLANG_WARN_ENUM_CONVERSION = YES;
				CLANG_WARN_INFINITE_RECURSION = YES;
				CLANG_WARN_INT_CONVERSION = YES;
				CLANG_WARN_NON_LITERAL_NULL_CONVERSION = YES;
				CLANG_WARN_OBJC_IMPLICIT_RETAIN_SELF = YES;
				CLANG_WARN_OBJC_LITERAL_CONVERSION = YES;
				CLANG_WARN_OBJC_ROOT_CLASS = YES_ERROR;
				CLANG_WARN_RANGE_LOOP_ANALYSIS = YES;
				CLANG_WARN_STRICT_PROTOTYPES = YES;
				CLANG_WARN_SUSPICIOUS_MOVE = YES;
				CLANG_WARN_UNGUARDED_AVAILABILITY = YES_AGGRESSIVE;
				CLANG_WARN_UNREACHABLE_CODE = YES;
				CLANG_WARN__DUPLICATE_METHOD_MATCH = YES;
				COPY_PHASE_STRIP = NO;
				DEBUG_INFORMATION_FORMAT = dwarf;
				ENABLE_STRICT_OBJC_MSGSEND = YES;
				ENABLE_TESTABILITY = YES;
				GCC_C_LANGUAGE_STANDARD = gnu11;
				GCC_DYNAMIC_NO_PIC = NO;
				GCC_NO_COMMON_BLOCKS = YES;
				GCC_OPTIMIZATION_LEVEL = 0;
				GCC_PREPROCESSOR_DEFINITIONS = (
					"DEBUG=1",
					"$(inherited)",
				);
				GCC_WARN_64_TO_32_BIT_CONVERSION = YES;
				GCC_WARN_ABOUT_RETURN_TYPE = YES_ERROR;
				GCC_WARN_UNDECLARED_SELECTOR = YES;
				GCC_WARN_UNINITIALIZED_AUTOS = YES_AGGRESSIVE;
				GCC_WARN_UNUSED_FUNCTION = YES;
				GCC_WARN_UNUSED_VARIABLE = YES;
				IPHONEOS_DEPLOYMENT_TARGET = 13.2;
				MTL_ENABLE_DEBUG_INFO = INCLUDE_SOURCE;
				MTL_FAST_MATH = YES;
				ONLY_ACTIVE_ARCH = YES;
				SDKROOT = iphoneos;
				SWIFT_ACTIVE_COMPILATION_CONDITIONS = DEBUG;
				SWIFT_OPTIMIZATION_LEVEL = "-Onone";
			};
			name = Debug;
		};
		FD802DA024227EC800D86EB4 /* Release */ = {
			isa = XCBuildConfiguration;
			buildSettings = {
				ALWAYS_SEARCH_USER_PATHS = NO;
				CLANG_ANALYZER_NONNULL = YES;
				CLANG_ANALYZER_NUMBER_OBJECT_CONVERSION = YES_AGGRESSIVE;
				CLANG_CXX_LANGUAGE_STANDARD = "gnu++14";
				CLANG_CXX_LIBRARY = "libc++";
				CLANG_ENABLE_MODULES = YES;
				CLANG_ENABLE_OBJC_ARC = YES;
				CLANG_ENABLE_OBJC_WEAK = YES;
				CLANG_WARN_BLOCK_CAPTURE_AUTORELEASING = YES;
				CLANG_WARN_BOOL_CONVERSION = YES;
				CLANG_WARN_COMMA = YES;
				CLANG_WARN_CONSTANT_CONVERSION = YES;
				CLANG_WARN_DEPRECATED_OBJC_IMPLEMENTATIONS = YES;
				CLANG_WARN_DIRECT_OBJC_ISA_USAGE = YES_ERROR;
				CLANG_WARN_DOCUMENTATION_COMMENTS = YES;
				CLANG_WARN_EMPTY_BODY = YES;
				CLANG_WARN_ENUM_CONVERSION = YES;
				CLANG_WARN_INFINITE_RECURSION = YES;
				CLANG_WARN_INT_CONVERSION = YES;
				CLANG_WARN_NON_LITERAL_NULL_CONVERSION = YES;
				CLANG_WARN_OBJC_IMPLICIT_RETAIN_SELF = YES;
				CLANG_WARN_OBJC_LITERAL_CONVERSION = YES;
				CLANG_WARN_OBJC_ROOT_CLASS = YES_ERROR;
				CLANG_WARN_RANGE_LOOP_ANALYSIS = YES;
				CLANG_WARN_STRICT_PROTOTYPES = YES;
				CLANG_WARN_SUSPICIOUS_MOVE = YES;
				CLANG_WARN_UNGUARDED_AVAILABILITY = YES_AGGRESSIVE;
				CLANG_WARN_UNREACHABLE_CODE = YES;
				CLANG_WARN__DUPLICATE_METHOD_MATCH = YES;
				COPY_PHASE_STRIP = NO;
				DEBUG_INFORMATION_FORMAT = "dwarf-with-dsym";
				ENABLE_NS_ASSERTIONS = NO;
				ENABLE_STRICT_OBJC_MSGSEND = YES;
				GCC_C_LANGUAGE_STANDARD = gnu11;
				GCC_NO_COMMON_BLOCKS = YES;
				GCC_WARN_64_TO_32_BIT_CONVERSION = YES;
				GCC_WARN_ABOUT_RETURN_TYPE = YES_ERROR;
				GCC_WARN_UNDECLARED_SELECTOR = YES;
				GCC_WARN_UNINITIALIZED_AUTOS = YES_AGGRESSIVE;
				GCC_WARN_UNUSED_FUNCTION = YES;
				GCC_WARN_UNUSED_VARIABLE = YES;
				IPHONEOS_DEPLOYMENT_TARGET = 13.2;
				MTL_ENABLE_DEBUG_INFO = NO;
				MTL_FAST_MATH = YES;
				SDKROOT = iphoneos;
				SWIFT_COMPILATION_MODE = wholemodule;
				SWIFT_OPTIMIZATION_LEVEL = "-O";
				VALIDATE_PRODUCT = YES;
			};
			name = Release;
		};
		FD802DA224227EC800D86EB4 /* Debug */ = {
			isa = XCBuildConfiguration;
			buildSettings = {
				ASSETCATALOG_COMPILER_APPICON_NAME = AppIcon;
				CODE_SIGN_STYLE = Automatic;
				DEVELOPMENT_TEAM = TGL44JG796;
				INFOPLIST_FILE = FlexibleLayoutPractice/Info.plist;
				LD_RUNPATH_SEARCH_PATHS = (
					"$(inherited)",
					"@executable_path/Frameworks",
				);
				PRODUCT_BUNDLE_IDENTIFIER = "edu.rose-hulman.fisherds.FlexibleLayoutPractice";
				PRODUCT_NAME = "$(TARGET_NAME)";
				SWIFT_VERSION = 5.0;
				TARGETED_DEVICE_FAMILY = "1,2";
			};
			name = Debug;
		};
		FD802DA324227EC800D86EB4 /* Release */ = {
			isa = XCBuildConfiguration;
			buildSettings = {
				ASSETCATALOG_COMPILER_APPICON_NAME = AppIcon;
				CODE_SIGN_STYLE = Automatic;
				DEVELOPMENT_TEAM = TGL44JG796;
				INFOPLIST_FILE = FlexibleLayoutPractice/Info.plist;
				LD_RUNPATH_SEARCH_PATHS = (
					"$(inherited)",
					"@executable_path/Frameworks",
				);
				PRODUCT_BUNDLE_IDENTIFIER = "edu.rose-hulman.fisherds.FlexibleLayoutPractice";
				PRODUCT_NAME = "$(TARGET_NAME)";
				SWIFT_VERSION = 5.0;
				TARGETED_DEVICE_FAMILY = "1,2";
			};
			name = Release;
		};
/* End XCBuildConfiguration section */

/* Begin XCConfigurationList section */
		FD802D8824227EC700D86EB4 /* Build configuration list for PBXProject "FlexibleLayoutPractice" */ = {
			isa = XCConfigurationList;
			buildConfigurations = (
				FD802D9F24227EC800D86EB4 /* Debug */,
				FD802DA024227EC800D86EB4 /* Release */,
			);
			defaultConfigurationIsVisible = 0;
			defaultConfigurationName = Release;
		};
		FD802DA124227EC800D86EB4 /* Build configuration list for PBXNativeTarget "FlexibleLayoutPractice" */ = {
			isa = XCConfigurationList;
			buildConfigurations = (
				FD802DA224227EC800D86EB4 /* Debug */,
				FD802DA324227EC800D86EB4 /* Release */,
			);
			defaultConfigurationIsVisible = 0;
			defaultConfigurationName = Release;
		};
/* End XCConfigurationList section */
	};
	rootObject = FD802D8524227EC700D86EB4 /* Project object */;
}
